
Microsoft Visual Studio Solution File, Format Version 12.00
# Visual Studio Version 17
VisualStudioVersion = 17.0.32126.317
MinimumVisualStudioVersion = 10.0.40219.1
Project("{8BC9CEB8-8B4A-11D0-8D11-00A0C91BC942}") = "42cursus-push_swap", "42cursus-push_swap.vcxproj", "{31DBDC1F-E992-41ED-87CE-89A869B4E856}"
EndProject
Project("{8BC9CEB8-8B4A-11D0-8D11-00A0C91BC942}") = "cunits42", "D:\src\42cursus\42cursus-push_swap\deps\cunits42\cunits42.vcxproj", "{9F637EF2-104C-43E1-B6F7-385153190BB8}"
EndProject
Global
	GlobalSection(SolutionConfigurationPlatforms) = preSolution
		Bonus|x64 = Bonus|x64
		Mandatory|x64 = Mandatory|x64
	EndGlobalSection
	GlobalSection(ProjectConfigurationPlatforms) = postSolution
		{31DBDC1F-E992-41ED-87CE-89A869B4E856}.Bonus|x64.ActiveCfg = Bonus|x64
		{31DBDC1F-E992-41ED-87CE-89A869B4E856}.Bonus|x64.Build.0 = Bonus|x64
		{31DBDC1F-E992-41ED-87CE-89A869B4E856}.Mandatory|x64.ActiveCfg = Mandatory|x64
		{31DBDC1F-E992-41ED-87CE-89A869B4E856}.Mandatory|x64.Build.0 = Mandatory|x64
		{9F637EF2-104C-43E1-B6F7-385153190BB8}.Bonus|x64.ActiveCfg = Release|x64
		{9F637EF2-104C-43E1-B6F7-385153190BB8}.Bonus|x64.Build.0 = Release|x64
		{9F637EF2-104C-43E1-B6F7-385153190BB8}.Mandatory|x64.ActiveCfg = Release|x64
		{9F637EF2-104C-43E1-B6F7-385153190BB8}.Mandatory|x64.Build.0 = Release|x64
	EndGlobalSection
	GlobalSection(SolutionProperties) = preSolution
		HideSolutionNode = FALSE
	EndGlobalSection
	GlobalSection(ExtensibilityGlobals) = postSolution
		SolutionGuid = {0EFE9F62-4825-439E-85B2-8F13BDE9DFB6}
	EndGlobalSection
EndGlobal
